
Microsoft Visual Studio Solution File, Format Version 12.00
# Visual Studio Version 17
VisualStudioVersion = 17.2.32602.215
MinimumVisualStudioVersion = 10.0.40219.1
Project("{9A19103F-16F7-4668-BE54-9A1E7A4F7556}") = "Chatroom.Web", "Chatroom.Web\Chatroom.Web.csproj", "{021DDE9C-3E57-4EF3-8BA3-F494C3CABBBD}"
EndProject
Project("{FAE04EC0-301F-11D3-BF4B-00C04F79EFBC}") = "Chatroom.Core", "Chatroom.Core\Chatroom.Core.csproj", "{A9A3401D-8980-45EC-9DC5-67A0DF272A0E}"
EndProject
Global
	GlobalSection(SolutionConfigurationPlatforms) = preSolution
		Debug|Any CPU = Debug|Any CPU
		Release|Any CPU = Release|Any CPU
	EndGlobalSection
	GlobalSection(ProjectConfigurationPlatforms) = postSolution
		{021DDE9C-3E57-4EF3-8BA3-F494C3CABBBD}.Debug|Any CPU.ActiveCfg = Debug|Any CPU
		{021DDE9C-3E57-4EF3-8BA3-F494C3CABBBD}.Debug|Any CPU.Build.0 = Debug|Any CPU
		{021DDE9C-3E57-4EF3-8BA3-F494C3CABBBD}.Release|Any CPU.ActiveCfg = Release|Any CPU
		{021DDE9C-3E57-4EF3-8BA3-F494C3CABBBD}.Release|Any CPU.Build.0 = Release|Any CPU
		{A9A3401D-8980-45EC-9DC5-67A0DF272A0E}.Debug|Any CPU.ActiveCfg = Debug|Any CPU
		{A9A3401D-8980-45EC-9DC5-67A0DF272A0E}.Debug|Any CPU.Build.0 = Debug|Any CPU
		{A9A3401D-8980-45EC-9DC5-67A0DF272A0E}.Release|Any CPU.ActiveCfg = Release|Any CPU
		{A9A3401D-8980-45EC-9DC5-67A0DF272A0E}.Release|Any CPU.Build.0 = Release|Any CPU
	EndGlobalSection
	GlobalSection(SolutionProperties) = preSolution
		HideSolutionNode = FALSE
	EndGlobalSection
	GlobalSection(ExtensibilityGlobals) = postSolution
		SolutionGuid = {F410A3AB-F7C3-4DA9-9E5A-1F03D7BA0495}
	EndGlobalSection
EndGlobal
